
Microsoft Visual Studio Solution File, Format Version 12.00
# Visual Studio Version 17
VisualStudioVersion = 17.11.35312.102
MinimumVisualStudioVersion = 10.0.40219.1
Project("{FAE04EC0-301F-11D3-BF4B-00C04F79EFBC}") = "giowebtestAPI", "giowebtestAPI\giowebtestAPI.csproj", "{458CB813-F972-4F46-A876-6714EB516F86}"
EndProject
Global
	GlobalSection(SolutionConfigurationPlatforms) = preSolution
		Debug|Any CPU = Debug|Any CPU
		Release|Any CPU = Release|Any CPU
	EndGlobalSection
	GlobalSection(ProjectConfigurationPlatforms) = postSolution
		{458CB813-F972-4F46-A876-6714EB516F86}.Debug|Any CPU.ActiveCfg = Debug|Any CPU
		{458CB813-F972-4F46-A876-6714EB516F86}.Debug|Any CPU.Build.0 = Debug|Any CPU
		{458CB813-F972-4F46-A876-6714EB516F86}.Release|Any CPU.ActiveCfg = Release|Any CPU
		{458CB813-F972-4F46-A876-6714EB516F86}.Release|Any CPU.Build.0 = Release|Any CPU
	EndGlobalSection
	GlobalSection(SolutionProperties) = preSolution
		HideSolutionNode = FALSE
	EndGlobalSection
	GlobalSection(ExtensibilityGlobals) = postSolution
		SolutionGuid = {DF77EF37-834B-436E-B5B9-B997A126B738}
	EndGlobalSection
EndGlobal
